
Microsoft Visual Studio Solution File, Format Version 12.00
# Visual Studio 15
VisualStudioVersion = 15.0.27130.2003
MinimumVisualStudioVersion = 10.0.40219.1
Project("{FAE04EC0-301F-11D3-BF4B-00C04F79EFBC}") = "testowy", "testowy\testowy.csproj", "{E24F24C4-0CC4-40A8-9CD1-246577171ED6}"
EndProject
Global
	GlobalSection(SolutionConfigurationPlatforms) = preSolution
		Debug|Any CPU = Debug|Any CPU
		Release|Any CPU = Release|Any CPU
	EndGlobalSection
	GlobalSection(ProjectConfigurationPlatforms) = postSolution
		{E24F24C4-0CC4-40A8-9CD1-246577171ED6}.Debug|Any CPU.ActiveCfg = Debug|Any CPU
		{E24F24C4-0CC4-40A8-9CD1-246577171ED6}.Debug|Any CPU.Build.0 = Debug|Any CPU
		{E24F24C4-0CC4-40A8-9CD1-246577171ED6}.Release|Any CPU.ActiveCfg = Release|Any CPU
		{E24F24C4-0CC4-40A8-9CD1-246577171ED6}.Release|Any CPU.Build.0 = Release|Any CPU
	EndGlobalSection
	GlobalSection(SolutionProperties) = preSolution
		HideSolutionNode = FALSE
	EndGlobalSection
	GlobalSection(ExtensibilityGlobals) = postSolution
		SolutionGuid = {1DDAD9C3-AFDF-4DAF-8677-3888B95D7C5B}
	EndGlobalSection
EndGlobal
